
Microsoft Visual Studio Solution File, Format Version 12.00
# Visual Studio 2012
Project("{FAE04EC0-301F-11D3-BF4B-00C04F79EFBC}") = "Server", "Server\Server.csproj", "{8E1F13A2-9575-442A-93B1-0D61E70932A3}"
EndProject
Project("{FAE04EC0-301F-11D3-BF4B-00C04F79EFBC}") = "Client", "Client\Client.csproj", "{959A31FF-2B65-4AAD-B920-B36BA509F009}"
EndProject
Global
	GlobalSection(SolutionConfigurationPlatforms) = preSolution
		Debug|Any CPU = Debug|Any CPU
		Release|Any CPU = Release|Any CPU
	EndGlobalSection
	GlobalSection(ProjectConfigurationPlatforms) = postSolution
		{8E1F13A2-9575-442A-93B1-0D61E70932A3}.Debug|Any CPU.ActiveCfg = Debug|Any CPU
		{8E1F13A2-9575-442A-93B1-0D61E70932A3}.Debug|Any CPU.Build.0 = Debug|Any CPU
		{8E1F13A2-9575-442A-93B1-0D61E70932A3}.Release|Any CPU.ActiveCfg = Release|Any CPU
		{8E1F13A2-9575-442A-93B1-0D61E70932A3}.Release|Any CPU.Build.0 = Release|Any CPU
		{959A31FF-2B65-4AAD-B920-B36BA509F009}.Debug|Any CPU.ActiveCfg = Debug|Any CPU
		{959A31FF-2B65-4AAD-B920-B36BA509F009}.Debug|Any CPU.Build.0 = Debug|Any CPU
		{959A31FF-2B65-4AAD-B920-B36BA509F009}.Release|Any CPU.ActiveCfg = Release|Any CPU
		{959A31FF-2B65-4AAD-B920-B36BA509F009}.Release|Any CPU.Build.0 = Release|Any CPU
	EndGlobalSection
	GlobalSection(SolutionProperties) = preSolution
		HideSolutionNode = FALSE
	EndGlobalSection
EndGlobal
